
Microsoft Visual Studio Solution File, Format Version 12.00
# Visual Studio Version 17
VisualStudioVersion = 17.4.33213.308
MinimumVisualStudioVersion = 10.0.40219.1
Project("{9A19103F-16F7-4668-BE54-9A1E7A4F7556}") = "Celebi.Console", "CelebiBackend\Celebi.Console.csproj", "{BBC47A88-D12F-4544-94E7-0CE4F10D03FB}"
EndProject
Project("{2150E333-8FDC-42A3-9474-1A3956D46DE8}") = "apps", "apps", "{5263C410-4660-4CDA-98A0-D4041644CFD4}"
EndProject
Project("{2150E333-8FDC-42A3-9474-1A3956D46DE8}") = "domain", "domain", "{73734579-7A7B-4D65-BF51-7C0319595767}"
EndProject
Project("{9A19103F-16F7-4668-BE54-9A1E7A4F7556}") = "Objects", "Objects\Objects.csproj", "{DAC2474D-813C-4AC5-869E-91F6B54E7367}"
EndProject
Project("{9A19103F-16F7-4668-BE54-9A1E7A4F7556}") = "Services", "PokemonService\Services.csproj", "{BD369EBE-583E-4B46-8A29-423BCDF1E271}"
EndProject
Project("{2150E333-8FDC-42A3-9474-1A3956D46DE8}") = "logic", "logic", "{D6A570D3-8E89-466E-85CF-AA6E0B0BEF6C}"
EndProject
Project("{9A19103F-16F7-4668-BE54-9A1E7A4F7556}") = "Unittests", "Unittests\Unittests.csproj", "{39F2ECD8-2BAD-4505-9A17-F53A914C55C0}"
EndProject
Project("{9A19103F-16F7-4668-BE54-9A1E7A4F7556}") = "Interfaces", "Interfaces\Interfaces.csproj", "{375A1FBA-5821-4744-B9CD-8F201CE20213}"
EndProject
Project("{9A19103F-16F7-4668-BE54-9A1E7A4F7556}") = "Celebi.Api", "Celebi.Api\Celebi.Api.csproj", "{55003465-75A5-4FE3-AEDA-F37FF0BBB84A}"
EndProject
Project("{9A19103F-16F7-4668-BE54-9A1E7A4F7556}") = "Migrations", "Migrations\Migrations.csproj", "{A5BE10F1-1A92-49FE-A1D7-FBD6DAAC185C}"
EndProject
Project("{E24C65DC-7377-472B-9ABA-BC803B73C61A}") = "celebi", "celebi\", "{992044A7-B9BD-4E93-8D12-6297629A5347}"
	ProjectSection(WebsiteProperties) = preProject
		TargetFrameworkMoniker = ".NETFramework,Version%3Dv4.8"
		Debug.AspNetCompiler.VirtualPath = "/localhost_49559"
		Debug.AspNetCompiler.PhysicalPath = "celebi\"
		Debug.AspNetCompiler.TargetPath = "PrecompiledWeb\localhost_49559\"
		Debug.AspNetCompiler.Updateable = "true"
		Debug.AspNetCompiler.ForceOverwrite = "true"
		Debug.AspNetCompiler.FixedNames = "false"
		Debug.AspNetCompiler.Debug = "True"
		Release.AspNetCompiler.VirtualPath = "/localhost_49559"
		Release.AspNetCompiler.PhysicalPath = "celebi\"
		Release.AspNetCompiler.TargetPath = "PrecompiledWeb\localhost_49559\"
		Release.AspNetCompiler.Updateable = "true"
		Release.AspNetCompiler.ForceOverwrite = "true"
		Release.AspNetCompiler.FixedNames = "false"
		Release.AspNetCompiler.Debug = "False"
		VWDPort = "49559"
		SlnRelativePath = "celebi\"
	EndProjectSection
EndProject
Global
	GlobalSection(SolutionConfigurationPlatforms) = preSolution
		Debug|Any CPU = Debug|Any CPU
		Release|Any CPU = Release|Any CPU
	EndGlobalSection
	GlobalSection(ProjectConfigurationPlatforms) = postSolution
		{BBC47A88-D12F-4544-94E7-0CE4F10D03FB}.Debug|Any CPU.ActiveCfg = Debug|Any CPU
		{BBC47A88-D12F-4544-94E7-0CE4F10D03FB}.Debug|Any CPU.Build.0 = Debug|Any CPU
		{BBC47A88-D12F-4544-94E7-0CE4F10D03FB}.Release|Any CPU.ActiveCfg = Release|Any CPU
		{BBC47A88-D12F-4544-94E7-0CE4F10D03FB}.Release|Any CPU.Build.0 = Release|Any CPU
		{DAC2474D-813C-4AC5-869E-91F6B54E7367}.Debug|Any CPU.ActiveCfg = Debug|Any CPU
		{DAC2474D-813C-4AC5-869E-91F6B54E7367}.Debug|Any CPU.Build.0 = Debug|Any CPU
		{DAC2474D-813C-4AC5-869E-91F6B54E7367}.Release|Any CPU.ActiveCfg = Release|Any CPU
		{DAC2474D-813C-4AC5-869E-91F6B54E7367}.Release|Any CPU.Build.0 = Release|Any CPU
		{BD369EBE-583E-4B46-8A29-423BCDF1E271}.Debug|Any CPU.ActiveCfg = Debug|Any CPU
		{BD369EBE-583E-4B46-8A29-423BCDF1E271}.Debug|Any CPU.Build.0 = Debug|Any CPU
		{BD369EBE-583E-4B46-8A29-423BCDF1E271}.Release|Any CPU.ActiveCfg = Release|Any CPU
		{BD369EBE-583E-4B46-8A29-423BCDF1E271}.Release|Any CPU.Build.0 = Release|Any CPU
		{39F2ECD8-2BAD-4505-9A17-F53A914C55C0}.Debug|Any CPU.ActiveCfg = Debug|Any CPU
		{39F2ECD8-2BAD-4505-9A17-F53A914C55C0}.Debug|Any CPU.Build.0 = Debug|Any CPU
		{39F2ECD8-2BAD-4505-9A17-F53A914C55C0}.Release|Any CPU.ActiveCfg = Release|Any CPU
		{39F2ECD8-2BAD-4505-9A17-F53A914C55C0}.Release|Any CPU.Build.0 = Release|Any CPU
		{375A1FBA-5821-4744-B9CD-8F201CE20213}.Debug|Any CPU.ActiveCfg = Debug|Any CPU
		{375A1FBA-5821-4744-B9CD-8F201CE20213}.Debug|Any CPU.Build.0 = Debug|Any CPU
		{375A1FBA-5821-4744-B9CD-8F201CE20213}.Release|Any CPU.ActiveCfg = Release|Any CPU
		{375A1FBA-5821-4744-B9CD-8F201CE20213}.Release|Any CPU.Build.0 = Release|Any CPU
		{55003465-75A5-4FE3-AEDA-F37FF0BBB84A}.Debug|Any CPU.ActiveCfg = Debug|Any CPU
		{55003465-75A5-4FE3-AEDA-F37FF0BBB84A}.Debug|Any CPU.Build.0 = Debug|Any CPU
		{55003465-75A5-4FE3-AEDA-F37FF0BBB84A}.Release|Any CPU.ActiveCfg = Release|Any CPU
		{55003465-75A5-4FE3-AEDA-F37FF0BBB84A}.Release|Any CPU.Build.0 = Release|Any CPU
		{A5BE10F1-1A92-49FE-A1D7-FBD6DAAC185C}.Debug|Any CPU.ActiveCfg = Debug|Any CPU
		{A5BE10F1-1A92-49FE-A1D7-FBD6DAAC185C}.Debug|Any CPU.Build.0 = Debug|Any CPU
		{A5BE10F1-1A92-49FE-A1D7-FBD6DAAC185C}.Release|Any CPU.ActiveCfg = Release|Any CPU
		{A5BE10F1-1A92-49FE-A1D7-FBD6DAAC185C}.Release|Any CPU.Build.0 = Release|Any CPU
		{992044A7-B9BD-4E93-8D12-6297629A5347}.Debug|Any CPU.ActiveCfg = Debug|Any CPU
		{992044A7-B9BD-4E93-8D12-6297629A5347}.Debug|Any CPU.Build.0 = Debug|Any CPU
		{992044A7-B9BD-4E93-8D12-6297629A5347}.Release|Any CPU.ActiveCfg = Debug|Any CPU
		{992044A7-B9BD-4E93-8D12-6297629A5347}.Release|Any CPU.Build.0 = Debug|Any CPU
	EndGlobalSection
	GlobalSection(SolutionProperties) = preSolution
		HideSolutionNode = FALSE
	EndGlobalSection
	GlobalSection(NestedProjects) = preSolution
		{BBC47A88-D12F-4544-94E7-0CE4F10D03FB} = {5263C410-4660-4CDA-98A0-D4041644CFD4}
		{DAC2474D-813C-4AC5-869E-91F6B54E7367} = {73734579-7A7B-4D65-BF51-7C0319595767}
		{BD369EBE-583E-4B46-8A29-423BCDF1E271} = {D6A570D3-8E89-466E-85CF-AA6E0B0BEF6C}
		{375A1FBA-5821-4744-B9CD-8F201CE20213} = {73734579-7A7B-4D65-BF51-7C0319595767}
		{55003465-75A5-4FE3-AEDA-F37FF0BBB84A} = {5263C410-4660-4CDA-98A0-D4041644CFD4}
		{A5BE10F1-1A92-49FE-A1D7-FBD6DAAC185C} = {D6A570D3-8E89-466E-85CF-AA6E0B0BEF6C}
		{992044A7-B9BD-4E93-8D12-6297629A5347} = {5263C410-4660-4CDA-98A0-D4041644CFD4}
	EndGlobalSection
	GlobalSection(ExtensibilityGlobals) = postSolution
		SolutionGuid = {DD383CE9-F2A0-43AF-A72F-3806E9625793}
	EndGlobalSection
EndGlobal
